
Microsoft Visual Studio Solution File, Format Version 12.00
# Visual Studio Version 17
VisualStudioVersion = 17.6.33723.286
MinimumVisualStudioVersion = 10.0.40219.1
Project("{FAE04EC0-301F-11D3-BF4B-00C04F79EFBC}") = "PR2_git", "PR2_git.csproj", "{C8AB3417-B27F-4BC0-ADE8-B6C5AC7C2285}"
EndProject
Global
	GlobalSection(SolutionConfigurationPlatforms) = preSolution
		Debug|Any CPU = Debug|Any CPU
		Release|Any CPU = Release|Any CPU
	EndGlobalSection
	GlobalSection(ProjectConfigurationPlatforms) = postSolution
		{C8AB3417-B27F-4BC0-ADE8-B6C5AC7C2285}.Debug|Any CPU.ActiveCfg = Debug|Any CPU
		{C8AB3417-B27F-4BC0-ADE8-B6C5AC7C2285}.Debug|Any CPU.Build.0 = Debug|Any CPU
		{C8AB3417-B27F-4BC0-ADE8-B6C5AC7C2285}.Release|Any CPU.ActiveCfg = Release|Any CPU
		{C8AB3417-B27F-4BC0-ADE8-B6C5AC7C2285}.Release|Any CPU.Build.0 = Release|Any CPU
	EndGlobalSection
	GlobalSection(SolutionProperties) = preSolution
		HideSolutionNode = FALSE
	EndGlobalSection
	GlobalSection(ExtensibilityGlobals) = postSolution
		SolutionGuid = {3B14996F-A9EE-4B15-BA8F-7DED92ACE5AE}
	EndGlobalSection
EndGlobal
